
Microsoft Visual Studio Solution File, Format Version 12.00
# Visual Studio 15
VisualStudioVersion = 15.0.28010.2048
MinimumVisualStudioVersion = 10.0.40219.1
Project("{FAE04EC0-301F-11D3-BF4B-00C04F79EFBC}") = "FirstMobileApp.Android", "FirstMobileApp\FirstMobileApp.Android\FirstMobileApp.Android.csproj", "{8C865306-C639-4172-91C0-1CB66087FB27}"
EndProject
Project("{FAE04EC0-301F-11D3-BF4B-00C04F79EFBC}") = "FirstMobileApp.iOS", "FirstMobileApp\FirstMobileApp.iOS\FirstMobileApp.iOS.csproj", "{F1E2C2CF-6866-4C1B-9827-895AA2A043B0}"
EndProject
Project("{FAE04EC0-301F-11D3-BF4B-00C04F79EFBC}") = "FirstMobileApp", "FirstMobileApp\FirstMobileApp\FirstMobileApp.csproj", "{2B7745DC-2783-4290-B911-C5DED421AB47}"
EndProject
Global
	GlobalSection(SolutionConfigurationPlatforms) = preSolution
		Debug|Any CPU = Debug|Any CPU
		Debug|iPhone = Debug|iPhone
		Debug|iPhoneSimulator = Debug|iPhoneSimulator
		Release|Any CPU = Release|Any CPU
		Release|iPhone = Release|iPhone
		Release|iPhoneSimulator = Release|iPhoneSimulator
	EndGlobalSection
	GlobalSection(ProjectConfigurationPlatforms) = postSolution
		{8C865306-C639-4172-91C0-1CB66087FB27}.Debug|Any CPU.ActiveCfg = Debug|Any CPU
		{8C865306-C639-4172-91C0-1CB66087FB27}.Debug|Any CPU.Build.0 = Debug|Any CPU
		{8C865306-C639-4172-91C0-1CB66087FB27}.Debug|Any CPU.Deploy.0 = Debug|Any CPU
		{8C865306-C639-4172-91C0-1CB66087FB27}.Debug|iPhone.ActiveCfg = Debug|Any CPU
		{8C865306-C639-4172-91C0-1CB66087FB27}.Debug|iPhone.Build.0 = Debug|Any CPU
		{8C865306-C639-4172-91C0-1CB66087FB27}.Debug|iPhone.Deploy.0 = Debug|Any CPU
		{8C865306-C639-4172-91C0-1CB66087FB27}.Debug|iPhoneSimulator.ActiveCfg = Debug|Any CPU
		{8C865306-C639-4172-91C0-1CB66087FB27}.Debug|iPhoneSimulator.Build.0 = Debug|Any CPU
		{8C865306-C639-4172-91C0-1CB66087FB27}.Debug|iPhoneSimulator.Deploy.0 = Debug|Any CPU
		{8C865306-C639-4172-91C0-1CB66087FB27}.Release|Any CPU.ActiveCfg = Release|Any CPU
		{8C865306-C639-4172-91C0-1CB66087FB27}.Release|Any CPU.Build.0 = Release|Any CPU
		{8C865306-C639-4172-91C0-1CB66087FB27}.Release|Any CPU.Deploy.0 = Release|Any CPU
		{8C865306-C639-4172-91C0-1CB66087FB27}.Release|iPhone.ActiveCfg = Release|Any CPU
		{8C865306-C639-4172-91C0-1CB66087FB27}.Release|iPhone.Build.0 = Release|Any CPU
		{8C865306-C639-4172-91C0-1CB66087FB27}.Release|iPhone.Deploy.0 = Release|Any CPU
		{8C865306-C639-4172-91C0-1CB66087FB27}.Release|iPhoneSimulator.ActiveCfg = Release|Any CPU
		{8C865306-C639-4172-91C0-1CB66087FB27}.Release|iPhoneSimulator.Build.0 = Release|Any CPU
		{8C865306-C639-4172-91C0-1CB66087FB27}.Release|iPhoneSimulator.Deploy.0 = Release|Any CPU
		{F1E2C2CF-6866-4C1B-9827-895AA2A043B0}.Debug|Any CPU.ActiveCfg = Debug|iPhoneSimulator
		{F1E2C2CF-6866-4C1B-9827-895AA2A043B0}.Debug|Any CPU.Build.0 = Debug|iPhoneSimulator
		{F1E2C2CF-6866-4C1B-9827-895AA2A043B0}.Debug|Any CPU.Deploy.0 = Debug|iPhoneSimulator
		{F1E2C2CF-6866-4C1B-9827-895AA2A043B0}.Debug|iPhone.ActiveCfg = Debug|iPhone
		{F1E2C2CF-6866-4C1B-9827-895AA2A043B0}.Debug|iPhone.Build.0 = Debug|iPhone
		{F1E2C2CF-6866-4C1B-9827-895AA2A043B0}.Debug|iPhone.Deploy.0 = Debug|iPhone
		{F1E2C2CF-6866-4C1B-9827-895AA2A043B0}.Debug|iPhoneSimulator.ActiveCfg = Debug|iPhoneSimulator
		{F1E2C2CF-6866-4C1B-9827-895AA2A043B0}.Debug|iPhoneSimulator.Build.0 = Debug|iPhoneSimulator
		{F1E2C2CF-6866-4C1B-9827-895AA2A043B0}.Debug|iPhoneSimulator.Deploy.0 = Debug|iPhoneSimulator
		{F1E2C2CF-6866-4C1B-9827-895AA2A043B0}.Release|Any CPU.ActiveCfg = Release|iPhone
		{F1E2C2CF-6866-4C1B-9827-895AA2A043B0}.Release|Any CPU.Build.0 = Release|iPhone
		{F1E2C2CF-6866-4C1B-9827-895AA2A043B0}.Release|Any CPU.Deploy.0 = Release|iPhone
		{F1E2C2CF-6866-4C1B-9827-895AA2A043B0}.Release|iPhone.ActiveCfg = Release|iPhone
		{F1E2C2CF-6866-4C1B-9827-895AA2A043B0}.Release|iPhone.Build.0 = Release|iPhone
		{F1E2C2CF-6866-4C1B-9827-895AA2A043B0}.Release|iPhone.Deploy.0 = Release|iPhone
		{F1E2C2CF-6866-4C1B-9827-895AA2A043B0}.Release|iPhoneSimulator.ActiveCfg = Release|iPhoneSimulator
		{F1E2C2CF-6866-4C1B-9827-895AA2A043B0}.Release|iPhoneSimulator.Build.0 = Release|iPhoneSimulator
		{F1E2C2CF-6866-4C1B-9827-895AA2A043B0}.Release|iPhoneSimulator.Deploy.0 = Release|iPhoneSimulator
		{2B7745DC-2783-4290-B911-C5DED421AB47}.Debug|Any CPU.ActiveCfg = Debug|Any CPU
		{2B7745DC-2783-4290-B911-C5DED421AB47}.Debug|Any CPU.Build.0 = Debug|Any CPU
		{2B7745DC-2783-4290-B911-C5DED421AB47}.Debug|Any CPU.Deploy.0 = Debug|Any CPU
		{2B7745DC-2783-4290-B911-C5DED421AB47}.Debug|iPhone.ActiveCfg = Debug|Any CPU
		{2B7745DC-2783-4290-B911-C5DED421AB47}.Debug|iPhone.Build.0 = Debug|Any CPU
		{2B7745DC-2783-4290-B911-C5DED421AB47}.Debug|iPhone.Deploy.0 = Debug|Any CPU
		{2B7745DC-2783-4290-B911-C5DED421AB47}.Debug|iPhoneSimulator.ActiveCfg = Debug|Any CPU
		{2B7745DC-2783-4290-B911-C5DED421AB47}.Debug|iPhoneSimulator.Build.0 = Debug|Any CPU
		{2B7745DC-2783-4290-B911-C5DED421AB47}.Debug|iPhoneSimulator.Deploy.0 = Debug|Any CPU
		{2B7745DC-2783-4290-B911-C5DED421AB47}.Release|Any CPU.ActiveCfg = Release|Any CPU
		{2B7745DC-2783-4290-B911-C5DED421AB47}.Release|Any CPU.Build.0 = Release|Any CPU
		{2B7745DC-2783-4290-B911-C5DED421AB47}.Release|Any CPU.Deploy.0 = Release|Any CPU
		{2B7745DC-2783-4290-B911-C5DED421AB47}.Release|iPhone.ActiveCfg = Release|Any CPU
		{2B7745DC-2783-4290-B911-C5DED421AB47}.Release|iPhone.Build.0 = Release|Any CPU
		{2B7745DC-2783-4290-B911-C5DED421AB47}.Release|iPhone.Deploy.0 = Release|Any CPU
		{2B7745DC-2783-4290-B911-C5DED421AB47}.Release|iPhoneSimulator.ActiveCfg = Release|Any CPU
		{2B7745DC-2783-4290-B911-C5DED421AB47}.Release|iPhoneSimulator.Build.0 = Release|Any CPU
		{2B7745DC-2783-4290-B911-C5DED421AB47}.Release|iPhoneSimulator.Deploy.0 = Release|Any CPU
	EndGlobalSection
	GlobalSection(SolutionProperties) = preSolution
		HideSolutionNode = FALSE
	EndGlobalSection
	GlobalSection(ExtensibilityGlobals) = postSolution
		SolutionGuid = {EB4F5149-95D8-49D8-BF1B-8C9BAF74A1A4}
	EndGlobalSection
EndGlobal
